PODS:
  - ACPButton (1.0.0)
  - Bolts (1.7.0):
    - Bolts/AppLinks (= 1.7.0)
    - Bolts/Tasks (= 1.7.0)
  - Bolts/AppLinks (1.7.0):
    - Bolts/Tasks
  - Bolts/Tasks (1.7.0)
  - FBSDKCoreKit (4.11.0):
    - Bolts (~> 1.7)
  - FBSDKLoginKit (4.11.0):
    - FBSDKCoreKit
  - FBSDKShareKit (4.11.0):
    - FBSDKCoreKit
  - MBTwitterScroll (0.1)
  - ObjectMapper (1.1.5)
  - pop (1.0.9)
  - SKSplashView (0.1.2)
  - SlideMenuControllerSwift (2.1.1)
  - SwiftyJSON (2.3.2)
  - TAPageControl (0.2.0)
  - UberRides (0.4.2):
    - ObjectMapper (~> 1.1.0)

DEPENDENCIES:
  - ACPButton
  - FBSDKCoreKit
  - FBSDKLoginKit
  - FBSDKShareKit
  - MBTwitterScroll
  - pop (~> 1.0)
  - SKSplashView
  - SlideMenuControllerSwift
  - SwiftyJSON (from `https://github.com/SwiftyJSON/SwiftyJSON.git`)
  - TAPageControl
  - UberRides

EXTERNAL SOURCES:
  SwiftyJSON:
    :git: https://github.com/SwiftyJSON/SwiftyJSON.git

CHECKOUT OPTIONS:
  SwiftyJSON:
    :commit: 2a5b70f06001316d4fb54501edc70b4084705da0
    :git: https://github.com/SwiftyJSON/SwiftyJSON.git

SPEC CHECKSUMS:
  ACPButton: ba5f231d6c7cd84ed0c192602b6261ef7de708cb
  Bolts: a0058fa3b331c5a1e4402d534f2dae36dbff31e4
  FBSDKCoreKit: 686ac982723a14ec9ddb85e2f81235d7706c891b
  FBSDKLoginKit: bade9fc78277764149ccc5bfaadbf13c83175c6a
  FBSDKShareKit: 2d1746144cfc8a9dbbd24997c34ee0471be51b6a
  MBTwitterScroll: 6c69bb2b864423db52b631f42311706b8d0440b6
  ObjectMapper: 528b1a6677a6acac7747edd508576983e76a9148
  pop: f667631a5108a2e60d9e8797c9b32ddaf2080bce
  SKSplashView: c65333b6707be6f237d09e7c8977941114b0a70d
  SlideMenuControllerSwift: 82ada9b04e03538c84d034cf1c09e5849c0113f7
  SwiftyJSON: 04ccea08915aa0109039157c7974cf0298da292a
  TAPageControl: fd11d779bbb5c2464ca2f55dde9e288213ea8a9b
  UberRides: fa21246486f1c20b88392036501481f86e81a022

PODFILE CHECKSUM: e25ec8cbf368439f755b18a6eaa5705a1b1ee202

COCOAPODS: 1.0.0.beta.3
