PODS:
  - ACPButton (1.0.0)
  - ActionButton (0.1.4)
  - AWSAutoScaling (2.4.2):
    - AWSCore (= 2.4.2)
  - AWSCloudWatch (2.4.2):
    - AWSCore (= 2.4.2)
  - AWSCognito (2.4.2):
    - AWSCore (= 2.4.2)
  - AWSCognitoIdentityProvider (2.4.2):
    - AWSCore (= 2.4.2)
  - AWSCore (2.4.2)
  - AWSDynamoDB (2.4.2):
    - AWSCore (= 2.4.2)
  - AWSEC2 (2.4.2):
    - AWSCore (= 2.4.2)
  - AWSElasticLoadBalancing (2.4.2):
    - AWSCore (= 2.4.2)
  - AWSIoT (2.4.2):
    - AWSCore (= 2.4.2)
  - AWSKinesis (2.4.2):
    - AWSCore (= 2.4.2)
  - AWSLambda (2.4.2):
    - AWSCore (= 2.4.2)
  - AWSMachineLearning (2.4.2):
    - AWSCore (= 2.4.2)
  - AWSMobileAnalytics (2.4.2):
    - AWSCore (= 2.4.2)
  - AWSS3 (2.4.2):
    - AWSCore (= 2.4.2)
  - AWSSES (2.4.2):
    - AWSCore (= 2.4.2)
  - AWSSimpleDB (2.4.2):
    - AWSCore (= 2.4.2)
  - AWSSNS (2.4.2):
    - AWSCore (= 2.4.2)
  - AWSSQS (2.4.2):
    - AWSCore (= 2.4.2)
  - Bolts (1.7.0):
    - Bolts/AppLinks (= 1.7.0)
    - Bolts/Tasks (= 1.7.0)
  - Bolts/AppLinks (1.7.0):
    - Bolts/Tasks
  - Bolts/Tasks (1.7.0)
  - FBSDKCoreKit (4.11.0):
    - Bolts (~> 1.7)
  - FBSDKLoginKit (4.11.0):
    - FBSDKCoreKit
  - FBSDKShareKit (4.11.0):
    - FBSDKCoreKit
  - FVCustomAlertView (0.3.3)
  - MBTwitterScroll (0.1)
  - ObjectMapper (1.1.5)
  - pop (1.0.9)
  - SKSplashView (0.1.2)
  - SlideMenuControllerSwift (2.1.1)
  - SwiftyJSON (2.3.2)
  - TAPageControl (0.2.0)
  - UberRides (0.4.2):
    - ObjectMapper (~> 1.1.0)

DEPENDENCIES:
  - ACPButton
  - ActionButton
  - AWSAutoScaling
  - AWSCloudWatch
  - AWSCognito
  - AWSCognitoIdentityProvider
  - AWSDynamoDB
  - AWSEC2
  - AWSElasticLoadBalancing
  - AWSIoT
  - AWSKinesis
  - AWSLambda
  - AWSMachineLearning
  - AWSMobileAnalytics
  - AWSS3
  - AWSSES
  - AWSSimpleDB
  - AWSSNS
  - AWSSQS
  - FBSDKCoreKit
  - FBSDKLoginKit
  - FBSDKShareKit
  - FVCustomAlertView
  - MBTwitterScroll
  - pop (~> 1.0)
  - SKSplashView
  - SlideMenuControllerSwift
  - SwiftyJSON (from `https://github.com/SwiftyJSON/SwiftyJSON.git`)
  - TAPageControl
  - UberRides

EXTERNAL SOURCES:
  SwiftyJSON:
    :git: https://github.com/SwiftyJSON/SwiftyJSON.git

CHECKOUT OPTIONS:
  SwiftyJSON:
    :commit: 2a5b70f06001316d4fb54501edc70b4084705da0
    :git: https://github.com/SwiftyJSON/SwiftyJSON.git

SPEC CHECKSUMS:
  ACPButton: ba5f231d6c7cd84ed0c192602b6261ef7de708cb
  ActionButton: 1b94024013cf57e960d09aa56792f29e1bb545e0
  AWSAutoScaling: 3bbe130105af52b7c65ee79dec046f5552538033
  AWSCloudWatch: 406de9a661fb2f21ed4b4477d4daf6767ad3ccae
  AWSCognito: 87cf3dadb17eed732c1c3fe21624fa8f15ef84ec
  AWSCognitoIdentityProvider: c0eaf378dcd9d36595f188821119aa8dab70431c
  AWSCore: 08cc4318682a518ad73e452900336ba54e823e03
  AWSDynamoDB: 604d26f6f13275bac9a0fec2c0194bf1593fd2fd
  AWSEC2: c0816f583aba22833d57787a1cd31f147df352ec
  AWSElasticLoadBalancing: 6e2a3f1d026a8b9428dec15d7a414f3d768c194d
  AWSIoT: 6b5aebd81920059590c7e664faae90c5e6ad4977
  AWSKinesis: 81aefb2fa9b990a5200e3ddac41353016d8281b1
  AWSLambda: 5afb17589e279a78c462c5dae671a8a5e39d05aa
  AWSMachineLearning: c1de994c971519472678cde47b2edcdf20580dfb
  AWSMobileAnalytics: 7e61206330c5dfe0643e749682d93cdbd553c49d
  AWSS3: 21bbd5d41eb175bf2fd371dc8af5339752f7f5b7
  AWSSES: 9df63d2b69878cdbf43a945bf76951eac52b7119
  AWSSimpleDB: 584e1051e059396136698150dec58dd5f706abea
  AWSSNS: bd87a2013d8be90f5f4d3f3d3726d4584714fdfb
  AWSSQS: 9b4f52f03b9175ae15425a900e14528338ee3155
  Bolts: a0058fa3b331c5a1e4402d534f2dae36dbff31e4
  FBSDKCoreKit: 686ac982723a14ec9ddb85e2f81235d7706c891b
  FBSDKLoginKit: bade9fc78277764149ccc5bfaadbf13c83175c6a
  FBSDKShareKit: 2d1746144cfc8a9dbbd24997c34ee0471be51b6a
  FVCustomAlertView: 9db3baa8b6b37cbac1d4914539d30a98148de3d5
  MBTwitterScroll: 6c69bb2b864423db52b631f42311706b8d0440b6
  ObjectMapper: 528b1a6677a6acac7747edd508576983e76a9148
  pop: f667631a5108a2e60d9e8797c9b32ddaf2080bce
  SKSplashView: c65333b6707be6f237d09e7c8977941114b0a70d
  SlideMenuControllerSwift: 82ada9b04e03538c84d034cf1c09e5849c0113f7
  SwiftyJSON: 04ccea08915aa0109039157c7974cf0298da292a
  TAPageControl: fd11d779bbb5c2464ca2f55dde9e288213ea8a9b
  UberRides: fa21246486f1c20b88392036501481f86e81a022

PODFILE CHECKSUM: b6ae18a96e89d9f7f45adc7f96074aa83131e58e

COCOAPODS: 1.0.0.beta.3
