// !$*UTF8*$!
{
	archiveVersion = 1;
	classes = {
	};
	objectVersion = 46;
	objects = {

/* Begin PBXBuildFile section */
		222156341CC06243009A08C5 /* FoodItemTests.swift in Sources */ = {isa = PBXBuildFile; fileRef = 222156331CC06243009A08C5 /* FoodItemTests.swift */; };
		222156361CC0634D009A08C5 /* FoodOrderTests.swift in Sources */ = {isa = PBXBuildFile; fileRef = 222156351CC0634D009A08C5 /* FoodOrderTests.swift */; };
		2233E0441CBC720200218DE3 /* LocationTests.swift in Sources */ = {isa = PBXBuildFile; fileRef = 2233E0431CBC720200218DE3 /* LocationTests.swift */; };
		2233E0461CBC729E00218DE3 /* Location.swift in Sources */ = {isa = PBXBuildFile; fileRef = 2233E0451CBC729E00218DE3 /* Location.swift */; };
		2233E0481CBC76D700218DE3 /* ItemManagerTests.swift in Sources */ = {isa = PBXBuildFile; fileRef = 2233E0471CBC76D700218DE3 /* ItemManagerTests.swift */; };
		2233E0561CBD3EF300218DE3 /* ItemManager.swift in Sources */ = {isa = PBXBuildFile; fileRef = 2233E0551CBD3EF300218DE3 /* ItemManager.swift */; };
		2233E0581CBD449E00218DE3 /* FoodOrder.swift in Sources */ = {isa = PBXBuildFile; fileRef = 2233E0571CBD449E00218DE3 /* FoodOrder.swift */; };
		2233E05A1CBD472E00218DE3 /* Delivery.swift in Sources */ = {isa = PBXBuildFile; fileRef = 2233E0591CBD472E00218DE3 /* Delivery.swift */; };
		2255E2021CD5E969007DD06C /* FBSDKCoreKit.framework in Frameworks */ = {isa = PBXBuildFile; fileRef = 2255E1FF1CD5E969007DD06C /* FBSDKCoreKit.framework */; };
		2255E2031CD5E969007DD06C /* FBSDKLoginKit.framework in Frameworks */ = {isa = PBXBuildFile; fileRef = 2255E2001CD5E969007DD06C /* FBSDKLoginKit.framework */; };
		2255E2041CD5E969007DD06C /* FBSDKShareKit.framework in Frameworks */ = {isa = PBXBuildFile; fileRef = 2255E2011CD5E969007DD06C /* FBSDKShareKit.framework */; };
		2255E2061CD6C0B5007DD06C /* RizzoData.swift in Sources */ = {isa = PBXBuildFile; fileRef = 2255E2051CD6C0B5007DD06C /* RizzoData.swift */; };
		2255E2111CD96EA5007DD06C /* ModelAPI.swift in Sources */ = {isa = PBXBuildFile; fileRef = 2255E2101CD96EA5007DD06C /* ModelAPI.swift */; };
		2255E2131CD96FD0007DD06C /* PersistencyManager.swift in Sources */ = {isa = PBXBuildFile; fileRef = 2255E2121CD96FD0007DD06C /* PersistencyManager.swift */; };
		2255E2151CD9F3D1007DD06C /* HTTPClient.swift in Sources */ = {isa = PBXBuildFile; fileRef = 2255E2141CD9F3D1007DD06C /* HTTPClient.swift */; };
		2255E2161CD9F3D4007DD06C /* HTTPClient.swift in Sources */ = {isa = PBXBuildFile; fileRef = 2255E2141CD9F3D1007DD06C /* HTTPClient.swift */; };
		2255E2181CD9FB3C007DD06C /* FoodItemExtension.swift in Sources */ = {isa = PBXBuildFile; fileRef = 2255E2171CD9FB3C007DD06C /* FoodItemExtension.swift */; };
		2255E2191CD9FB3C007DD06C /* FoodItemExtension.swift in Sources */ = {isa = PBXBuildFile; fileRef = 2255E2171CD9FB3C007DD06C /* FoodItemExtension.swift */; };
		22A1EB8C1CC74FD900C51FE5 /* MainViewControllerTest.swift in Sources */ = {isa = PBXBuildFile; fileRef = 22A1EB8B1CC74FD900C51FE5 /* MainViewControllerTest.swift */; };
		22A1EB8E1CC7504500C51FE5 /* MainViewController.swift in Sources */ = {isa = PBXBuildFile; fileRef = 22A1EB8D1CC7504500C51FE5 /* MainViewController.swift */; };
		22A1EB931CC8174700C51FE5 /* CHTumblrMenuView.m in Sources */ = {isa = PBXBuildFile; fileRef = 22A1EB921CC8174700C51FE5 /* CHTumblrMenuView.m */; };
		22A1EB951CC817FB00C51FE5 /* UESViewController.swift in Sources */ = {isa = PBXBuildFile; fileRef = 22A1EB941CC817FB00C51FE5 /* UESViewController.swift */; };
		22A1EB971CC8183C00C51FE5 /* AstoriaViewController.swift in Sources */ = {isa = PBXBuildFile; fileRef = 22A1EB961CC8183C00C51FE5 /* AstoriaViewController.swift */; };
		22A1EB991CC8187600C51FE5 /* LesViewController.swift in Sources */ = {isa = PBXBuildFile; fileRef = 22A1EB981CC8187600C51FE5 /* LesViewController.swift */; };
		22A1EB9E1CC8B06C00C51FE5 /* MenuItemCell.swift in Sources */ = {isa = PBXBuildFile; fileRef = 22A1EB9D1CC8B06C00C51FE5 /* MenuItemCell.swift */; };
		22A1EBA01CC9729500C51FE5 /* MenuViewController.swift in Sources */ = {isa = PBXBuildFile; fileRef = 22A1EB9F1CC9729500C51FE5 /* MenuViewController.swift */; };
		22A1EBA21CC980C700C51FE5 /* MenuTableViewController.swift in Sources */ = {isa = PBXBuildFile; fileRef = 22A1EBA11CC980C700C51FE5 /* MenuTableViewController.swift */; };
		22A1EBA41CCA845A00C51FE5 /* SlideMenuControllerSwift.framework in Frameworks */ = {isa = PBXBuildFile; fileRef = 22A1EBA31CCA845A00C51FE5 /* SlideMenuControllerSwift.framework */; };
		22A1EBA61CCA890D00C51FE5 /* ContainerViewController.swift in Sources */ = {isa = PBXBuildFile; fileRef = 22A1EBA51CCA890D00C51FE5 /* ContainerViewController.swift */; };
		22A1EBA81CCA8A5B00C51FE5 /* LeftMenuTableViewController.swift in Sources */ = {isa = PBXBuildFile; fileRef = 22A1EBA71CCA8A5B00C51FE5 /* LeftMenuTableViewController.swift */; };
		22A1EBAA1CCC87D000C51FE5 /* ShareViewController.swift in Sources */ = {isa = PBXBuildFile; fileRef = 22A1EBA91CCC87D000C51FE5 /* ShareViewController.swift */; };
		22A1EBAC1CCC8D6100C51FE5 /* TrackViewController.swift in Sources */ = {isa = PBXBuildFile; fileRef = 22A1EBAB1CCC8D6100C51FE5 /* TrackViewController.swift */; };
		22A1EBB61CCCB90100C51FE5 /* FBLoginViewController.swift in Sources */ = {isa = PBXBuildFile; fileRef = 22A1EBB51CCCB90100C51FE5 /* FBLoginViewController.swift */; };
		22A1EBBA1CCCC28200C51FE5 /* ShoppingCartViewController.swift in Sources */ = {isa = PBXBuildFile; fileRef = 22A1EBB91CCCC28200C51FE5 /* ShoppingCartViewController.swift */; };
		22A1EBBC1CCDDC8400C51FE5 /* pop.framework in Frameworks */ = {isa = PBXBuildFile; fileRef = 22A1EBBB1CCDDC8400C51FE5 /* pop.framework */; };
		22A1EBBE1CCDDC9400C51FE5 /* MBTwitterScroll.framework in Frameworks */ = {isa = PBXBuildFile; fileRef = 22A1EBBD1CCDDC9400C51FE5 /* MBTwitterScroll.framework */; };
		22CCFEE81CC5C7AF002841D5 /* Topping.swift in Sources */ = {isa = PBXBuildFile; fileRef = 22CCFEE71CC5C7AF002841D5 /* Topping.swift */; };
		22CCFEEA1CC5C890002841D5 /* ToppingsTest.swift in Sources */ = {isa = PBXBuildFile; fileRef = 22CCFEE91CC5C890002841D5 /* ToppingsTest.swift */; };
		22CCFEED1CC5E1D3002841D5 /* MenuItemsListViewControllerTest.swift in Sources */ = {isa = PBXBuildFile; fileRef = 22CCFEEC1CC5E1D3002841D5 /* MenuItemsListViewControllerTest.swift */; };
		22CCFEEF1CC5E28E002841D5 /* MenuItemsListViewController.swift in Sources */ = {isa = PBXBuildFile; fileRef = 22CCFEEE1CC5E28E002841D5 /* MenuItemsListViewController.swift */; };
		22CCFEF31CC69276002841D5 /* MenuListDataSupplier.swift in Sources */ = {isa = PBXBuildFile; fileRef = 22CCFEF21CC69276002841D5 /* MenuListDataSupplier.swift */; };
		22CCFEF51CC69A34002841D5 /* MenuListDataSupplierTest.swift in Sources */ = {isa = PBXBuildFile; fileRef = 22CCFEF41CC69A34002841D5 /* MenuListDataSupplierTest.swift */; };
		22F07EB21CD015A5001E65F7 /* Trajan Pro Bold.ttf in Resources */ = {isa = PBXBuildFile; fileRef = 22F07EB11CD015A4001E65F7 /* Trajan Pro Bold.ttf */; };
		22F07ED21CD054E5001E65F7 /* LoginSignUpViewController.swift in Sources */ = {isa = PBXBuildFile; fileRef = 22F07ED11CD054E5001E65F7 /* LoginSignUpViewController.swift */; };
		22F07ED51CD058C3001E65F7 /* LoginService.swift in Sources */ = {isa = PBXBuildFile; fileRef = 22F07ED41CD058C3001E65F7 /* LoginService.swift */; };
		22F07ED71CD059A6001E65F7 /* ConnectionSettings.swift in Sources */ = {isa = PBXBuildFile; fileRef = 22F07ED61CD059A6001E65F7 /* ConnectionSettings.swift */; };
		22F07EDD1CD17C97001E65F7 /* SwiftyJSON.framework in Frameworks */ = {isa = PBXBuildFile; fileRef = 22F07EDC1CD17C97001E65F7 /* SwiftyJSON.framework */; settings = {ATTRIBUTES = (Required, ); }; };
		22FBA2E81CAFDE30009B2DE8 /* AppDelegate.swift in Sources */ = {isa = PBXBuildFile; fileRef = 22FBA2E71CAFDE30009B2DE8 /* AppDelegate.swift */; };
		22FBA2ED1CAFDE30009B2DE8 /* Main.storyboard in Resources */ = {isa = PBXBuildFile; fileRef = 22FBA2EB1CAFDE30009B2DE8 /* Main.storyboard */; };
		22FBA2EF1CAFDE30009B2DE8 /* Assets.xcassets in Resources */ = {isa = PBXBuildFile; fileRef = 22FBA2EE1CAFDE30009B2DE8 /* Assets.xcassets */; };
		22FBA2F21CAFDE30009B2DE8 /* LaunchScreen.storyboard in Resources */ = {isa = PBXBuildFile; fileRef = 22FBA2F01CAFDE30009B2DE8 /* LaunchScreen.storyboard */; };
		22FBA2FD1CAFDE30009B2DE8 /* RizzosFinePizzaTests.swift in Sources */ = {isa = PBXBuildFile; fileRef = 22FBA2FC1CAFDE30009B2DE8 /* RizzosFinePizzaTests.swift */; };
		22FBA31F1CB9C6FC009B2DE8 /* FoodItem.swift in Sources */ = {isa = PBXBuildFile; fileRef = 22FBA31E1CB9C6FC009B2DE8 /* FoodItem.swift */; };
		46E0E73AE39A57D97DF9A344 /* Pods_RizzosFinePizzaTests.framework in Frameworks */ = {isa = PBXBuildFile; fileRef = 169A08068CCBE670FF8865AA /* Pods_RizzosFinePizzaTests.framework */; };
		ED55E953B48578B7BF0EE513 /* Pods_RizzosFinePizza.framework in Frameworks */ = {isa = PBXBuildFile; fileRef = 8885F59DE913B7EABD8749C9 /* Pods_RizzosFinePizza.framework */; };
/* End PBXBuildFile section */

/* Begin PBXContainerItemProxy section */
		22FBA2F91CAFDE30009B2DE8 /* PBXContainerItemProxy */ = {
			isa = PBXContainerItemProxy;
			containerPortal = 22FBA2DC1CAFDE30009B2DE8 /* Project object */;
			proxyType = 1;
			remoteGlobalIDString = 22FBA2E31CAFDE30009B2DE8;
			remoteInfo = RizzosFinePizza;
		};
/* End PBXContainerItemProxy section */

/* Begin PBXCopyFilesBuildPhase section */
		22A1EBC31CCDE80300C51FE5 /* Embed Frameworks */ = {
			isa = PBXCopyFilesBuildPhase;
			buildActionMask = 2147483647;
			dstPath = "";
			dstSubfolderSpec = 10;
			files = (
			);
			name = "Embed Frameworks";
			runOnlyForDeploymentPostprocessing = 0;
		};
/* End PBXCopyFilesBuildPhase section */

/* Begin PBXFileReference section */
		169A08068CCBE670FF8865AA /* Pods_RizzosFinePizzaTests.framework */ = {isa = PBXFileReference; explicitFileType = wrapper.framework; includeInIndex = 0; path = Pods_RizzosFinePizzaTests.framework; sourceTree = BUILT_PRODUCTS_DIR; };
		222156331CC06243009A08C5 /* FoodItemTests.swift */ = {isa = PBXFileReference; fileEncoding = 4; lastKnownFileType = sourcecode.swift; path = FoodItemTests.swift; sourceTree = "<group>"; };
		222156351CC0634D009A08C5 /* FoodOrderTests.swift */ = {isa = PBXFileReference; fileEncoding = 4; lastKnownFileType = sourcecode.swift; path = FoodOrderTests.swift; sourceTree = "<group>"; };
		2233E0431CBC720200218DE3 /* LocationTests.swift */ = {isa = PBXFileReference; fileEncoding = 4; lastKnownFileType = sourcecode.swift; path = LocationTests.swift; sourceTree = "<group>"; };
		2233E0451CBC729E00218DE3 /* Location.swift */ = {isa = PBXFileReference; fileEncoding = 4; lastKnownFileType = sourcecode.swift; path = Location.swift; sourceTree = "<group>"; };
		2233E0471CBC76D700218DE3 /* ItemManagerTests.swift */ = {isa = PBXFileReference; fileEncoding = 4; lastKnownFileType = sourcecode.swift; path = ItemManagerTests.swift; sourceTree = "<group>"; };
		2233E0551CBD3EF300218DE3 /* ItemManager.swift */ = {isa = PBXFileReference; fileEncoding = 4; lastKnownFileType = sourcecode.swift; path = ItemManager.swift; sourceTree = "<group>"; };
		2233E0571CBD449E00218DE3 /* FoodOrder.swift */ = {isa = PBXFileReference; fileEncoding = 4; lastKnownFileType = sourcecode.swift; path = FoodOrder.swift; sourceTree = "<group>"; };
		2233E0591CBD472E00218DE3 /* Delivery.swift */ = {isa = PBXFileReference; fileEncoding = 4; lastKnownFileType = sourcecode.swift; path = Delivery.swift; sourceTree = "<group>"; };
		2255E1FF1CD5E969007DD06C /* FBSDKCoreKit.framework */ = {isa = PBXFileReference; lastKnownFileType = wrapper.framework; name = FBSDKCoreKit.framework; path = "../../../Library/Developer/Xcode/DerivedData/RizzosFinePizza-dgaetmrimyzqhugwhhiqamshlswl/Build/Products/Release-iphonesimulator/FBSDKCoreKit.framework"; sourceTree = "<group>"; };
		2255E2001CD5E969007DD06C /* FBSDKLoginKit.framework */ = {isa = PBXFileReference; lastKnownFileType = wrapper.framework; name = FBSDKLoginKit.framework; path = "../../../Library/Developer/Xcode/DerivedData/RizzosFinePizza-dgaetmrimyzqhugwhhiqamshlswl/Build/Products/Release-iphonesimulator/FBSDKLoginKit.framework"; sourceTree = "<group>"; };
		2255E2011CD5E969007DD06C /* FBSDKShareKit.framework */ = {isa = PBXFileReference; lastKnownFileType = wrapper.framework; name = FBSDKShareKit.framework; path = "../../../Library/Developer/Xcode/DerivedData/RizzosFinePizza-dgaetmrimyzqhugwhhiqamshlswl/Build/Products/Release-iphonesimulator/FBSDKShareKit.framework"; sourceTree = "<group>"; };
		2255E2051CD6C0B5007DD06C /* RizzoData.swift */ = {isa = PBXFileReference; fileEncoding = 4; lastKnownFileType = sourcecode.swift; path = RizzoData.swift; sourceTree = "<group>"; };
		2255E2101CD96EA5007DD06C /* ModelAPI.swift */ = {isa = PBXFileReference; fileEncoding = 4; lastKnownFileType = sourcecode.swift; path = ModelAPI.swift; sourceTree = "<group>"; };
		2255E2121CD96FD0007DD06C /* PersistencyManager.swift */ = {isa = PBXFileReference; fileEncoding = 4; lastKnownFileType = sourcecode.swift; path = PersistencyManager.swift; sourceTree = "<group>"; };
		2255E2141CD9F3D1007DD06C /* HTTPClient.swift */ = {isa = PBXFileReference; fileEncoding = 4; lastKnownFileType = sourcecode.swift; path = HTTPClient.swift; sourceTree = "<group>"; };
		2255E2171CD9FB3C007DD06C /* FoodItemExtension.swift */ = {isa = PBXFileReference; fileEncoding = 4; lastKnownFileType = sourcecode.swift; path = FoodItemExtension.swift; sourceTree = "<group>"; };
		22A1EB8B1CC74FD900C51FE5 /* MainViewControllerTest.swift */ = {isa = PBXFileReference; fileEncoding = 4; lastKnownFileType = sourcecode.swift; path = MainViewControllerTest.swift; sourceTree = "<group>"; };
		22A1EB8D1CC7504500C51FE5 /* MainViewController.swift */ = {isa = PBXFileReference; fileEncoding = 4; lastKnownFileType = sourcecode.swift; path = MainViewController.swift; sourceTree = "<group>"; };
		22A1EB901CC8174600C51FE5 /* RizzosFinePizza-Bridging-Header.h */ = {isa = PBXFileReference; lastKnownFileType = sourcecode.c.h; path = "RizzosFinePizza-Bridging-Header.h"; sourceTree = "<group>"; };
		22A1EB911CC8174700C51FE5 /* CHTumblrMenuView.h */ = {isa = PBXFileReference; fileEncoding = 4; lastKnownFileType = sourcecode.c.h; path = CHTumblrMenuView.h; sourceTree = "<group>"; };
		22A1EB921CC8174700C51FE5 /* CHTumblrMenuView.m */ = {isa = PBXFileReference; fileEncoding = 4; lastKnownFileType = sourcecode.c.objc; path = CHTumblrMenuView.m; sourceTree = "<group>"; };
		22A1EB941CC817FB00C51FE5 /* UESViewController.swift */ = {isa = PBXFileReference; fileEncoding = 4; lastKnownFileType = sourcecode.swift; path = UESViewController.swift; sourceTree = "<group>"; };
		22A1EB961CC8183C00C51FE5 /* AstoriaViewController.swift */ = {isa = PBXFileReference; fileEncoding = 4; lastKnownFileType = sourcecode.swift; path = AstoriaViewController.swift; sourceTree = "<group>"; };
		22A1EB981CC8187600C51FE5 /* LesViewController.swift */ = {isa = PBXFileReference; fileEncoding = 4; lastKnownFileType = sourcecode.swift; path = LesViewController.swift; sourceTree = "<group>"; };
		22A1EB9D1CC8B06C00C51FE5 /* MenuItemCell.swift */ = {isa = PBXFileReference; fileEncoding = 4; lastKnownFileType = sourcecode.swift; path = MenuItemCell.swift; sourceTree = "<group>"; };
		22A1EB9F1CC9729500C51FE5 /* MenuViewController.swift */ = {isa = PBXFileReference; fileEncoding = 4; lastKnownFileType = sourcecode.swift; path = MenuViewController.swift; sourceTree = "<group>"; };
		22A1EBA11CC980C700C51FE5 /* MenuTableViewController.swift */ = {isa = PBXFileReference; fileEncoding = 4; lastKnownFileType = sourcecode.swift; path = MenuTableViewController.swift; sourceTree = "<group>"; };
		22A1EBA31CCA845A00C51FE5 /* SlideMenuControllerSwift.framework */ = {isa = PBXFileReference; lastKnownFileType = wrapper.framework; name = SlideMenuControllerSwift.framework; path = "../../../Library/Developer/Xcode/DerivedData/RizzosFinePizza-dgaetmrimyzqhugwhhiqamshlswl/Build/Products/Debug-iphoneos/SlideMenuControllerSwift.framework"; sourceTree = "<group>"; };
		22A1EBA51CCA890D00C51FE5 /* ContainerViewController.swift */ = {isa = PBXFileReference; fileEncoding = 4; lastKnownFileType = sourcecode.swift; path = ContainerViewController.swift; sourceTree = "<group>"; };
		22A1EBA71CCA8A5B00C51FE5 /* LeftMenuTableViewController.swift */ = {isa = PBXFileReference; fileEncoding = 4; lastKnownFileType = sourcecode.swift; path = LeftMenuTableViewController.swift; sourceTree = "<group>"; };
		22A1EBA91CCC87D000C51FE5 /* ShareViewController.swift */ = {isa = PBXFileReference; fileEncoding = 4; lastKnownFileType = sourcecode.swift; path = ShareViewController.swift; sourceTree = "<group>"; };
		22A1EBAB1CCC8D6100C51FE5 /* TrackViewController.swift */ = {isa = PBXFileReference; fileEncoding = 4; lastKnownFileType = sourcecode.swift; path = TrackViewController.swift; sourceTree = "<group>"; };
		22A1EBB51CCCB90100C51FE5 /* FBLoginViewController.swift */ = {isa = PBXFileReference; fileEncoding = 4; lastKnownFileType = sourcecode.swift; path = FBLoginViewController.swift; sourceTree = "<group>"; };
		22A1EBB91CCCC28200C51FE5 /* ShoppingCartViewController.swift */ = {isa = PBXFileReference; fileEncoding = 4; lastKnownFileType = sourcecode.swift; path = ShoppingCartViewController.swift; sourceTree = "<group>"; };
		22A1EBBB1CCDDC8400C51FE5 /* pop.framework */ = {isa = PBXFileReference; lastKnownFileType = wrapper.framework; name = pop.framework; path = "../../../Library/Developer/Xcode/DerivedData/RizzosFinePizza-dgaetmrimyzqhugwhhiqamshlswl/Build/Products/Release-iphoneos/pop.framework"; sourceTree = "<group>"; };
		22A1EBBD1CCDDC9400C51FE5 /* MBTwitterScroll.framework */ = {isa = PBXFileReference; lastKnownFileType = wrapper.framework; name = MBTwitterScroll.framework; path = "../../../Library/Developer/Xcode/DerivedData/RizzosFinePizza-dgaetmrimyzqhugwhhiqamshlswl/Build/Products/Release-iphoneos/MBTwitterScroll.framework"; sourceTree = "<group>"; };
		22A1EBBF1CCDE67A00C51FE5 /* BFPaperButton.framework */ = {isa = PBXFileReference; lastKnownFileType = wrapper.framework; name = BFPaperButton.framework; path = "Pods/../build/Debug-iphoneos/BFPaperButton.framework"; sourceTree = "<group>"; };
		22CCFEE71CC5C7AF002841D5 /* Topping.swift */ = {isa = PBXFileReference; fileEncoding = 4; lastKnownFileType = sourcecode.swift; path = Topping.swift; sourceTree = "<group>"; };
		22CCFEE91CC5C890002841D5 /* ToppingsTest.swift */ = {isa = PBXFileReference; fileEncoding = 4; lastKnownFileType = sourcecode.swift; path = ToppingsTest.swift; sourceTree = "<group>"; };
		22CCFEEC1CC5E1D3002841D5 /* MenuItemsListViewControllerTest.swift */ = {isa = PBXFileReference; fileEncoding = 4; lastKnownFileType = sourcecode.swift; name = MenuItemsListViewControllerTest.swift; path = RizzosFinePizzaTests/MenuItemsListViewControllerTest.swift; sourceTree = SOURCE_ROOT; };
		22CCFEEE1CC5E28E002841D5 /* MenuItemsListViewController.swift */ = {isa = PBXFileReference; fileEncoding = 4; lastKnownFileType = sourcecode.swift; path = MenuItemsListViewController.swift; sourceTree = "<group>"; };
		22CCFEF21CC69276002841D5 /* MenuListDataSupplier.swift */ = {isa = PBXFileReference; fileEncoding = 4; lastKnownFileType = sourcecode.swift; path = MenuListDataSupplier.swift; sourceTree = "<group>"; };
		22CCFEF41CC69A34002841D5 /* MenuListDataSupplierTest.swift */ = {isa = PBXFileReference; fileEncoding = 4; lastKnownFileType = sourcecode.swift; path = MenuListDataSupplierTest.swift; sourceTree = "<group>"; };
		22F07EB11CD015A4001E65F7 /* Trajan Pro Bold.ttf */ = {isa = PBXFileReference; lastKnownFileType = file; path = "Trajan Pro Bold.ttf"; sourceTree = "<group>"; };
		22F07ED11CD054E5001E65F7 /* LoginSignUpViewController.swift */ = {isa = PBXFileReference; fileEncoding = 4; lastKnownFileType = sourcecode.swift; name = LoginSignUpViewController.swift; path = RizzosFinePizza/LoginSignUpViewController.swift; sourceTree = "<group>"; };
		22F07ED41CD058C3001E65F7 /* LoginService.swift */ = {isa = PBXFileReference; fileEncoding = 4; lastKnownFileType = sourcecode.swift; path = LoginService.swift; sourceTree = "<group>"; };
		22F07ED61CD059A6001E65F7 /* ConnectionSettings.swift */ = {isa = PBXFileReference; fileEncoding = 4; lastKnownFileType = sourcecode.swift; path = ConnectionSettings.swift; sourceTree = "<group>"; };
		22F07EDC1CD17C97001E65F7 /* SwiftyJSON.framework */ = {isa = PBXFileReference; lastKnownFileType = wrapper.framework; name = SwiftyJSON.framework; path = "../../../Library/Developer/Xcode/DerivedData/RizzosFinePizza-dgaetmrimyzqhugwhhiqamshlswl/Build/Products/Release-iphonesimulator/SwiftyJSON.framework"; sourceTree = "<group>"; };
		22FBA2E41CAFDE30009B2DE8 /* RizzosFinePizza.app */ = {isa = PBXFileReference; explicitFileType = wrapper.application; includeInIndex = 0; path = RizzosFinePizza.app; sourceTree = BUILT_PRODUCTS_DIR; };
		22FBA2E71CAFDE30009B2DE8 /* AppDelegate.swift */ = {isa = PBXFileReference; lastKnownFileType = sourcecode.swift; path = AppDelegate.swift; sourceTree = "<group>"; };
		22FBA2EC1CAFDE30009B2DE8 /* Base */ = {isa = PBXFileReference; lastKnownFileType = file.storyboard; name = Base; path = Base.lproj/Main.storyboard; sourceTree = "<group>"; };
		22FBA2EE1CAFDE30009B2DE8 /* Assets.xcassets */ = {isa = PBXFileReference; lastKnownFileType = folder.assetcatalog; path = Assets.xcassets; sourceTree = "<group>"; };
		22FBA2F11CAFDE30009B2DE8 /* Base */ = {isa = PBXFileReference; lastKnownFileType = file.storyboard; name = Base; path = Base.lproj/LaunchScreen.storyboard; sourceTree = "<group>"; };
		22FBA2F31CAFDE30009B2DE8 /* Info.plist */ = {isa = PBXFileReference; lastKnownFileType = text.plist.xml; path = Info.plist; sourceTree = "<group>"; };
		22FBA2F81CAFDE30009B2DE8 /* RizzosFinePizzaTests.xctest */ = {isa = PBXFileReference; explicitFileType = wrapper.cfbundle; includeInIndex = 0; path = RizzosFinePizzaTests.xctest; sourceTree = BUILT_PRODUCTS_DIR; };
		22FBA2FC1CAFDE30009B2DE8 /* RizzosFinePizzaTests.swift */ = {isa = PBXFileReference; lastKnownFileType = sourcecode.swift; path = RizzosFinePizzaTests.swift; sourceTree = "<group>"; };
		22FBA2FE1CAFDE30009B2DE8 /* Info.plist */ = {isa = PBXFileReference; lastKnownFileType = text.plist.xml; path = Info.plist; sourceTree = "<group>"; };
		22FBA31E1CB9C6FC009B2DE8 /* FoodItem.swift */ = {isa = PBXFileReference; fileEncoding = 4; lastKnownFileType = sourcecode.swift; path = FoodItem.swift; sourceTree = "<group>"; };
		353F9FFEE559F47D8FAAE7CF /* Pods-RizzosFinePizza.release.xcconfig */ = {isa = PBXFileReference; includeInIndex = 1; lastKnownFileType = text.xcconfig; name = "Pods-RizzosFinePizza.release.xcconfig"; path = "Pods/Target Support Files/Pods-RizzosFinePizza/Pods-RizzosFinePizza.release.xcconfig"; sourceTree = "<group>"; };
		6352E89B3757D44BA3935A3F /* Pods-RizzosFinePizza.debug.xcconfig */ = {isa = PBXFileReference; includeInIndex = 1; lastKnownFileType = text.xcconfig; name = "Pods-RizzosFinePizza.debug.xcconfig"; path = "Pods/Target Support Files/Pods-RizzosFinePizza/Pods-RizzosFinePizza.debug.xcconfig"; sourceTree = "<group>"; };
		8885F59DE913B7EABD8749C9 /* Pods_RizzosFinePizza.framework */ = {isa = PBXFileReference; explicitFileType = wrapper.framework; includeInIndex = 0; path = Pods_RizzosFinePizza.framework; sourceTree = BUILT_PRODUCTS_DIR; };
		9716119CC08AFC3AF31D6841 /* Pods-RizzosFinePizzaTests.release.xcconfig */ = {isa = PBXFileReference; includeInIndex = 1; lastKnownFileType = text.xcconfig; name = "Pods-RizzosFinePizzaTests.release.xcconfig"; path = "Pods/Target Support Files/Pods-RizzosFinePizzaTests/Pods-RizzosFinePizzaTests.release.xcconfig"; sourceTree = "<group>"; };
		D172E6F1810B86B9BF5F293F /* Pods-RizzosFinePizzaTests.debug.xcconfig */ = {isa = PBXFileReference; includeInIndex = 1; lastKnownFileType = text.xcconfig; name = "Pods-RizzosFinePizzaTests.debug.xcconfig"; path = "Pods/Target Support Files/Pods-RizzosFinePizzaTests/Pods-RizzosFinePizzaTests.debug.xcconfig"; sourceTree = "<group>"; };
/* End PBXFileReference section */

/* Begin PBXFrameworksBuildPhase section */
		22FBA2E11CAFDE30009B2DE8 /* Frameworks */ = {
			isa = PBXFrameworksBuildPhase;
			buildActionMask = 2147483647;
			files = (
				2255E2021CD5E969007DD06C /* FBSDKCoreKit.framework in Frameworks */,
				2255E2031CD5E969007DD06C /* FBSDKLoginKit.framework in Frameworks */,
				2255E2041CD5E969007DD06C /* FBSDKShareKit.framework in Frameworks */,
				22F07EDD1CD17C97001E65F7 /* SwiftyJSON.framework in Frameworks */,
				22A1EBBE1CCDDC9400C51FE5 /* MBTwitterScroll.framework in Frameworks */,
				22A1EBBC1CCDDC8400C51FE5 /* pop.framework in Frameworks */,
				22A1EBA41CCA845A00C51FE5 /* SlideMenuControllerSwift.framework in Frameworks */,
				ED55E953B48578B7BF0EE513 /* Pods_RizzosFinePizza.framework in Frameworks */,
			);
			runOnlyForDeploymentPostprocessing = 0;
		};
		22FBA2F51CAFDE30009B2DE8 /* Frameworks */ = {
			isa = PBXFrameworksBuildPhase;
			buildActionMask = 2147483647;
			files = (
				46E0E73AE39A57D97DF9A344 /* Pods_RizzosFinePizzaTests.framework in Frameworks */,
			);
			runOnlyForDeploymentPostprocessing = 0;
		};
/* End PBXFrameworksBuildPhase section */

/* Begin PBXGroup section */
		12AEFC6420FF5200B6AAAD1C /* Frameworks */ = {
			isa = PBXGroup;
			children = (
				2255E1FF1CD5E969007DD06C /* FBSDKCoreKit.framework */,
				2255E2001CD5E969007DD06C /* FBSDKLoginKit.framework */,
				2255E2011CD5E969007DD06C /* FBSDKShareKit.framework */,
				22F07EDC1CD17C97001E65F7 /* SwiftyJSON.framework */,
				22A1EBBF1CCDE67A00C51FE5 /* BFPaperButton.framework */,
				22A1EBBD1CCDDC9400C51FE5 /* MBTwitterScroll.framework */,
				22A1EBBB1CCDDC8400C51FE5 /* pop.framework */,
				22A1EBA31CCA845A00C51FE5 /* SlideMenuControllerSwift.framework */,
				8885F59DE913B7EABD8749C9 /* Pods_RizzosFinePizza.framework */,
				169A08068CCBE670FF8865AA /* Pods_RizzosFinePizzaTests.framework */,
			);
			name = Frameworks;
			sourceTree = "<group>";
		};
		2233E0541CBD3ECA00218DE3 /* Item Manager */ = {
			isa = PBXGroup;
			children = (
				2233E0551CBD3EF300218DE3 /* ItemManager.swift */,
			);
			name = "Item Manager";
			sourceTree = "<group>";
		};
		2255E20B1CD96CC6007DD06C /* Model Api */ = {
			isa = PBXGroup;
			children = (
				2255E2141CD9F3D1007DD06C /* HTTPClient.swift */,
				2255E2051CD6C0B5007DD06C /* RizzoData.swift */,
				2255E2101CD96EA5007DD06C /* ModelAPI.swift */,
				2255E2121CD96FD0007DD06C /* PersistencyManager.swift */,
				2255E2171CD9FB3C007DD06C /* FoodItemExtension.swift */,
			);
			name = "Model Api";
			sourceTree = "<group>";
		};
		22A1EB8F1CC816EE00C51FE5 /* Transitions */ = {
			isa = PBXGroup;
			children = (
				22A1EB911CC8174700C51FE5 /* CHTumblrMenuView.h */,
				22A1EB921CC8174700C51FE5 /* CHTumblrMenuView.m */,
				22A1EB901CC8174600C51FE5 /* RizzosFinePizza-Bridging-Header.h */,
			);
			name = Transitions;
			sourceTree = "<group>";
		};
		22A1EB9C1CC8B02900C51FE5 /* CustomCell */ = {
			isa = PBXGroup;
			children = (
				22A1EB9D1CC8B06C00C51FE5 /* MenuItemCell.swift */,
			);
			name = CustomCell;
			sourceTree = "<group>";
		};
		22A1EBAD1CCCB4E300C51FE5 /* Facebook */ = {
			isa = PBXGroup;
			children = (
				22A1EBB41CCCB8D900C51FE5 /* Login */,
			);
			name = Facebook;
			sourceTree = "<group>";
		};
		22A1EBB41CCCB8D900C51FE5 /* Login */ = {
			isa = PBXGroup;
			children = (
				22A1EBB51CCCB90100C51FE5 /* FBLoginViewController.swift */,
			);
			name = Login;
			sourceTree = "<group>";
		};
		22CCFEEB1CC5DE95002841D5 /* Model Tests */ = {
			isa = PBXGroup;
			children = (
				222156351CC0634D009A08C5 /* FoodOrderTests.swift */,
				22CCFEE91CC5C890002841D5 /* ToppingsTest.swift */,
				222156331CC06243009A08C5 /* FoodItemTests.swift */,
				2233E0471CBC76D700218DE3 /* ItemManagerTests.swift */,
				2233E0431CBC720200218DE3 /* LocationTests.swift */,
				22FBA2FC1CAFDE30009B2DE8 /* RizzosFinePizzaTests.swift */,
			);
			name = "Model Tests";
			sourceTree = "<group>";
		};
		22CCFEF01CC68BC4002841D5 /* ViewController */ = {
			isa = PBXGroup;
			children = (
				22A1EB8D1CC7504500C51FE5 /* MainViewController.swift */,
				22A1EB941CC817FB00C51FE5 /* UESViewController.swift */,
				22A1EB961CC8183C00C51FE5 /* AstoriaViewController.swift */,
				22A1EB981CC8187600C51FE5 /* LesViewController.swift */,
				22CCFEEE1CC5E28E002841D5 /* MenuItemsListViewController.swift */,
				22A1EBA51CCA890D00C51FE5 /* ContainerViewController.swift */,
			);
			name = ViewController;
			sourceTree = "<group>";
		};
		22CCFEF11CC691FF002841D5 /* Data Supplier */ = {
			isa = PBXGroup;
			children = (
				22CCFEF21CC69276002841D5 /* MenuListDataSupplier.swift */,
			);
			name = "Data Supplier";
			sourceTree = "<group>";
		};
		22F07ED31CD05896001E65F7 /* Login */ = {
			isa = PBXGroup;
			children = (
				22F07ED11CD054E5001E65F7 /* LoginSignUpViewController.swift */,
				22F07ED41CD058C3001E65F7 /* LoginService.swift */,
				22F07ED61CD059A6001E65F7 /* ConnectionSettings.swift */,
			);
			name = Login;
			path = ..;
			sourceTree = "<group>";
		};
		22FBA2DB1CAFDE30009B2DE8 = {
			isa = PBXGroup;
			children = (
				22F07EB11CD015A4001E65F7 /* Trajan Pro Bold.ttf */,
				22FBA2E61CAFDE30009B2DE8 /* RizzosFinePizza */,
				22FBA2FB1CAFDE30009B2DE8 /* RizzosFinePizzaTests */,
				22FBA2E51CAFDE30009B2DE8 /* Products */,
				DD2053960A1C6C076C3B59E1 /* Pods */,
				12AEFC6420FF5200B6AAAD1C /* Frameworks */,
			);
			sourceTree = "<group>";
		};
		22FBA2E51CAFDE30009B2DE8 /* Products */ = {
			isa = PBXGroup;
			children = (
				22FBA2E41CAFDE30009B2DE8 /* RizzosFinePizza.app */,
				22FBA2F81CAFDE30009B2DE8 /* RizzosFinePizzaTests.xctest */,
			);
			name = Products;
			sourceTree = "<group>";
		};
		22FBA2E61CAFDE30009B2DE8 /* RizzosFinePizza */ = {
			isa = PBXGroup;
			children = (
				22F07ED31CD05896001E65F7 /* Login */,
				22A1EBAD1CCCB4E300C51FE5 /* Facebook */,
				22A1EB9C1CC8B02900C51FE5 /* CustomCell */,
				22A1EB8F1CC816EE00C51FE5 /* Transitions */,
				22CCFEF11CC691FF002841D5 /* Data Supplier */,
				22CCFEF01CC68BC4002841D5 /* ViewController */,
				22FBA2E71CAFDE30009B2DE8 /* AppDelegate.swift */,
				22FBA2EB1CAFDE30009B2DE8 /* Main.storyboard */,
				22FBA3091CAFE5A7009B2DE8 /* Model */,
				22A1EBA71CCA8A5B00C51FE5 /* LeftMenuTableViewController.swift */,
				22A1EBA11CC980C700C51FE5 /* MenuTableViewController.swift */,
				22A1EB9F1CC9729500C51FE5 /* MenuViewController.swift */,
				22FBA2EE1CAFDE30009B2DE8 /* Assets.xcassets */,
				22FBA2F01CAFDE30009B2DE8 /* LaunchScreen.storyboard */,
				22FBA2F31CAFDE30009B2DE8 /* Info.plist */,
				22A1EBA91CCC87D000C51FE5 /* ShareViewController.swift */,
				22A1EBAB1CCC8D6100C51FE5 /* TrackViewController.swift */,
				22A1EBB91CCCC28200C51FE5 /* ShoppingCartViewController.swift */,
			);
			path = RizzosFinePizza;
			sourceTree = "<group>";
		};
		22FBA2FB1CAFDE30009B2DE8 /* RizzosFinePizzaTests */ = {
			isa = PBXGroup;
			children = (
				22CCFEEC1CC5E1D3002841D5 /* MenuItemsListViewControllerTest.swift */,
				22CCFEEB1CC5DE95002841D5 /* Model Tests */,
				22FBA2FE1CAFDE30009B2DE8 /* Info.plist */,
				22CCFEF41CC69A34002841D5 /* MenuListDataSupplierTest.swift */,
				22A1EB8B1CC74FD900C51FE5 /* MainViewControllerTest.swift */,
			);
			path = RizzosFinePizzaTests;
			sourceTree = "<group>";
		};
		22FBA3091CAFE5A7009B2DE8 /* Model */ = {
			isa = PBXGroup;
			children = (
				2255E20B1CD96CC6007DD06C /* Model Api */,
				22FBA31E1CB9C6FC009B2DE8 /* FoodItem.swift */,
				2233E0451CBC729E00218DE3 /* Location.swift */,
				2233E0571CBD449E00218DE3 /* FoodOrder.swift */,
				2233E0591CBD472E00218DE3 /* Delivery.swift */,
				22CCFEE71CC5C7AF002841D5 /* Topping.swift */,
				2233E0541CBD3ECA00218DE3 /* Item Manager */,
			);
			name = Model;
			sourceTree = "<group>";
		};
		DD2053960A1C6C076C3B59E1 /* Pods */ = {
			isa = PBXGroup;
			children = (
				6352E89B3757D44BA3935A3F /* Pods-RizzosFinePizza.debug.xcconfig */,
				353F9FFEE559F47D8FAAE7CF /* Pods-RizzosFinePizza.release.xcconfig */,
				D172E6F1810B86B9BF5F293F /* Pods-RizzosFinePizzaTests.debug.xcconfig */,
				9716119CC08AFC3AF31D6841 /* Pods-RizzosFinePizzaTests.release.xcconfig */,
			);
			name = Pods;
			sourceTree = "<group>";
		};
/* End PBXGroup section */

/* Begin PBXNativeTarget section */
		22FBA2E31CAFDE30009B2DE8 /* RizzosFinePizza */ = {
			isa = PBXNativeTarget;
			buildConfigurationList = 22FBA3011CAFDE30009B2DE8 /* Build configuration list for PBXNativeTarget "RizzosFinePizza" */;
			buildPhases = (
				CB3DED490CEBEA584F41E96B /* Check Pods Manifest.lock */,
				22FBA2E01CAFDE30009B2DE8 /* Sources */,
				22FBA2E11CAFDE30009B2DE8 /* Frameworks */,
				22FBA2E21CAFDE30009B2DE8 /* Resources */,
				91BA990CC6160025A6FE8AE0 /* Embed Pods Frameworks */,
				F760A22E4FAD72E7FF000CA2 /* Copy Pods Resources */,
				22A1EBC31CCDE80300C51FE5 /* Embed Frameworks */,
			);
			buildRules = (
			);
			dependencies = (
			);
			name = RizzosFinePizza;
			productName = RizzosFinePizza;
			productReference = 22FBA2E41CAFDE30009B2DE8 /* RizzosFinePizza.app */;
			productType = "com.apple.product-type.application";
		};
		22FBA2F71CAFDE30009B2DE8 /* RizzosFinePizzaTests */ = {
			isa = PBXNativeTarget;
			buildConfigurationList = 22FBA3041CAFDE30009B2DE8 /* Build configuration list for PBXNativeTarget "RizzosFinePizzaTests" */;
			buildPhases = (
				2A72CC2A17BDB7B79BF1393D /* Check Pods Manifest.lock */,
				22FBA2F41CAFDE30009B2DE8 /* Sources */,
				22FBA2F51CAFDE30009B2DE8 /* Frameworks */,
				22FBA2F61CAFDE30009B2DE8 /* Resources */,
				6A1C00C2B116BEFC1258B8C4 /* Embed Pods Frameworks */,
				303A5C6D31D94438ACC14542 /* Copy Pods Resources */,
			);
			buildRules = (
			);
			dependencies = (
				22FBA2FA1CAFDE30009B2DE8 /* PBXTargetDependency */,
			);
			name = RizzosFinePizzaTests;
			productName = RizzosFinePizzaTests;
			productReference = 22FBA2F81CAFDE30009B2DE8 /* RizzosFinePizzaTests.xctest */;
			productType = "com.apple.product-type.bundle.unit-test";
		};
/* End PBXNativeTarget section */

/* Begin PBXProject section */
		22FBA2DC1CAFDE30009B2DE8 /* Project object */ = {
			isa = PBXProject;
			attributes = {
				LastSwiftUpdateCheck = 0730;
				LastUpgradeCheck = 0730;
				ORGANIZATIONNAME = beyond2021;
				TargetAttributes = {
					22FBA2E31CAFDE30009B2DE8 = {
						CreatedOnToolsVersion = 7.3;
					};
					22FBA2F71CAFDE30009B2DE8 = {
						CreatedOnToolsVersion = 7.3;
						TestTargetID = 22FBA2E31CAFDE30009B2DE8;
					};
				};
			};
			buildConfigurationList = 22FBA2DF1CAFDE30009B2DE8 /* Build configuration list for PBXProject "RizzosFinePizza" */;
			compatibilityVersion = "Xcode 3.2";
			developmentRegion = English;
			hasScannedForEncodings = 0;
			knownRegions = (
				en,
				Base,
			);
			mainGroup = 22FBA2DB1CAFDE30009B2DE8;
			productRefGroup = 22FBA2E51CAFDE30009B2DE8 /* Products */;
			projectDirPath = "";
			projectRoot = "";
			targets = (
				22FBA2E31CAFDE30009B2DE8 /* RizzosFinePizza */,
				22FBA2F71CAFDE30009B2DE8 /* RizzosFinePizzaTests */,
			);
		};
/* End PBXProject section */

/* Begin PBXResourcesBuildPhase section */
		22FBA2E21CAFDE30009B2DE8 /* Resources */ = {
			isa = PBXResourcesBuildPhase;
			buildActionMask = 2147483647;
			files = (
				22FBA2F21CAFDE30009B2DE8 /* LaunchScreen.storyboard in Resources */,
				22F07EB21CD015A5001E65F7 /* Trajan Pro Bold.ttf in Resources */,
				22FBA2EF1CAFDE30009B2DE8 /* Assets.xcassets in Resources */,
				22FBA2ED1CAFDE30009B2DE8 /* Main.storyboard in Resources */,
			);
			runOnlyForDeploymentPostprocessing = 0;
		};
		22FBA2F61CAFDE30009B2DE8 /* Resources */ = {
			isa = PBXResourcesBuildPhase;
			buildActionMask = 2147483647;
			files = (
			);
			runOnlyForDeploymentPostprocessing = 0;
		};
/* End PBXResourcesBuildPhase section */

/* Begin PBXShellScriptBuildPhase section */
		2A72CC2A17BDB7B79BF1393D /* Check Pods Manifest.lock */ = {
			isa = PBXShellScriptBuildPhase;
			buildActionMask = 2147483647;
			files = (
			);
			inputPaths = (
			);
			name = "Check Pods Manifest.lock";
			outputPaths = (
			);
			runOnlyForDeploymentPostprocessing = 0;
			shellPath = /bin/sh;
			shellScript = "diff \"${PODS_ROOT}/../Podfile.lock\" \"${PODS_ROOT}/Manifest.lock\" > /dev/null\nif [[ $? != 0 ]] ; then\n    cat << EOM\nerror: The sandbox is not in sync with the Podfile.lock. Run 'pod install' or update your CocoaPods installation.\nEOM\n    exit 1\nfi\n";
			showEnvVarsInLog = 0;
		};
		303A5C6D31D94438ACC14542 /* Copy Pods Resources */ = {
			isa = PBXShellScriptBuildPhase;
			buildActionMask = 2147483647;
			files = (
			);
			inputPaths = (
			);
			name = "Copy Pods Resources";
			outputPaths = (
			);
			runOnlyForDeploymentPostprocessing = 0;
			shellPath = /bin/sh;
			shellScript = "\"${SRCROOT}/Pods/Target Support Files/Pods-RizzosFinePizzaTests/Pods-RizzosFinePizzaTests-resources.sh\"\n";
			showEnvVarsInLog = 0;
		};
		6A1C00C2B116BEFC1258B8C4 /* Embed Pods Frameworks */ = {
			isa = PBXShellScriptBuildPhase;
			buildActionMask = 2147483647;
			files = (
			);
			inputPaths = (
			);
			name = "Embed Pods Frameworks";
			outputPaths = (
			);
			runOnlyForDeploymentPostprocessing = 0;
			shellPath = /bin/sh;
			shellScript = "\"${SRCROOT}/Pods/Target Support Files/Pods-RizzosFinePizzaTests/Pods-RizzosFinePizzaTests-frameworks.sh\"\n";
			showEnvVarsInLog = 0;
		};
		91BA990CC6160025A6FE8AE0 /* Embed Pods Frameworks */ = {
			isa = PBXShellScriptBuildPhase;
			buildActionMask = 2147483647;
			files = (
			);
			inputPaths = (
			);
			name = "Embed Pods Frameworks";
			outputPaths = (
			);
			runOnlyForDeploymentPostprocessing = 0;
			shellPath = /bin/sh;
			shellScript = "\"${SRCROOT}/Pods/Target Support Files/Pods-RizzosFinePizza/Pods-RizzosFinePizza-frameworks.sh\"\n";
			showEnvVarsInLog = 0;
		};
		CB3DED490CEBEA584F41E96B /* Check Pods Manifest.lock */ = {
			isa = PBXShellScriptBuildPhase;
			buildActionMask = 2147483647;
			files = (
			);
			inputPaths = (
			);
			name = "Check Pods Manifest.lock";
			outputPaths = (
			);
			runOnlyForDeploymentPostprocessing = 0;
			shellPath = /bin/sh;
			shellScript = "diff \"${PODS_ROOT}/../Podfile.lock\" \"${PODS_ROOT}/Manifest.lock\" > /dev/null\nif [[ $? != 0 ]] ; then\n    cat << EOM\nerror: The sandbox is not in sync with the Podfile.lock. Run 'pod install' or update your CocoaPods installation.\nEOM\n    exit 1\nfi\n";
			showEnvVarsInLog = 0;
		};
		F760A22E4FAD72E7FF000CA2 /* Copy Pods Resources */ = {
			isa = PBXShellScriptBuildPhase;
			buildActionMask = 2147483647;
			files = (
			);
			inputPaths = (
			);
			name = "Copy Pods Resources";
			outputPaths = (
			);
			runOnlyForDeploymentPostprocessing = 0;
			shellPath = /bin/sh;
			shellScript = "\"${SRCROOT}/Pods/Target Support Files/Pods-RizzosFinePizza/Pods-RizzosFinePizza-resources.sh\"\n";
			showEnvVarsInLog = 0;
		};
/* End PBXShellScriptBuildPhase section */

/* Begin PBXSourcesBuildPhase section */
		22FBA2E01CAFDE30009B2DE8 /* Sources */ = {
			isa = PBXSourcesBuildPhase;
			buildActionMask = 2147483647;
			files = (
				2255E2181CD9FB3C007DD06C /* FoodItemExtension.swift in Sources */,
				22A1EBBA1CCCC28200C51FE5 /* ShoppingCartViewController.swift in Sources */,
				22CCFEEF1CC5E28E002841D5 /* MenuItemsListViewController.swift in Sources */,
				22A1EBA81CCA8A5B00C51FE5 /* LeftMenuTableViewController.swift in Sources */,
				22A1EBAA1CCC87D000C51FE5 /* ShareViewController.swift in Sources */,
				2255E2111CD96EA5007DD06C /* ModelAPI.swift in Sources */,
				22CCFEE81CC5C7AF002841D5 /* Topping.swift in Sources */,
				22A1EB971CC8183C00C51FE5 /* AstoriaViewController.swift in Sources */,
				22A1EB9E1CC8B06C00C51FE5 /* MenuItemCell.swift in Sources */,
				22FBA31F1CB9C6FC009B2DE8 /* FoodItem.swift in Sources */,
				22CCFEF31CC69276002841D5 /* MenuListDataSupplier.swift in Sources */,
				2233E0461CBC729E00218DE3 /* Location.swift in Sources */,
				22A1EBA01CC9729500C51FE5 /* MenuViewController.swift in Sources */,
				2255E2061CD6C0B5007DD06C /* RizzoData.swift in Sources */,
				2233E0561CBD3EF300218DE3 /* ItemManager.swift in Sources */,
				22A1EB991CC8187600C51FE5 /* LesViewController.swift in Sources */,
				2233E05A1CBD472E00218DE3 /* Delivery.swift in Sources */,
				22A1EBA21CC980C700C51FE5 /* MenuTableViewController.swift in Sources */,
				22A1EBB61CCCB90100C51FE5 /* FBLoginViewController.swift in Sources */,
				22F07ED71CD059A6001E65F7 /* ConnectionSettings.swift in Sources */,
				22F07ED21CD054E5001E65F7 /* LoginSignUpViewController.swift in Sources */,
				22FBA2E81CAFDE30009B2DE8 /* AppDelegate.swift in Sources */,
				2233E0581CBD449E00218DE3 /* FoodOrder.swift in Sources */,
				22A1EBAC1CCC8D6100C51FE5 /* TrackViewController.swift in Sources */,
				22A1EB8E1CC7504500C51FE5 /* MainViewController.swift in Sources */,
				2255E2131CD96FD0007DD06C /* PersistencyManager.swift in Sources */,
				22A1EB951CC817FB00C51FE5 /* UESViewController.swift in Sources */,
				2255E2151CD9F3D1007DD06C /* HTTPClient.swift in Sources */,
				22F07ED51CD058C3001E65F7 /* LoginService.swift in Sources */,
				22A1EBA61CCA890D00C51FE5 /* ContainerViewController.swift in Sources */,
				22A1EB931CC8174700C51FE5 /* CHTumblrMenuView.m in Sources */,
			);
			runOnlyForDeploymentPostprocessing = 0;
		};
		22FBA2F41CAFDE30009B2DE8 /* Sources */ = {
			isa = PBXSourcesBuildPhase;
			buildActionMask = 2147483647;
			files = (
				22A1EB8C1CC74FD900C51FE5 /* MainViewControllerTest.swift in Sources */,
				22CCFEF51CC69A34002841D5 /* MenuListDataSupplierTest.swift in Sources */,
				22CCFEED1CC5E1D3002841D5 /* MenuItemsListViewControllerTest.swift in Sources */,
				222156361CC0634D009A08C5 /* FoodOrderTests.swift in Sources */,
				2233E0481CBC76D700218DE3 /* ItemManagerTests.swift in Sources */,
				22CCFEEA1CC5C890002841D5 /* ToppingsTest.swift in Sources */,
				2255E2161CD9F3D4007DD06C /* HTTPClient.swift in Sources */,
				2233E0441CBC720200218DE3 /* LocationTests.swift in Sources */,
				222156341CC06243009A08C5 /* FoodItemTests.swift in Sources */,
				22FBA2FD1CAFDE30009B2DE8 /* RizzosFinePizzaTests.swift in Sources */,
				2255E2191CD9FB3C007DD06C /* FoodItemExtension.swift in Sources */,
			);
			runOnlyForDeploymentPostprocessing = 0;
		};
/* End PBXSourcesBuildPhase section */

/* Begin PBXTargetDependency section */
		22FBA2FA1CAFDE30009B2DE8 /* PBXTargetDependency */ = {
			isa = PBXTargetDependency;
			target = 22FBA2E31CAFDE30009B2DE8 /* RizzosFinePizza */;
			targetProxy = 22FBA2F91CAFDE30009B2DE8 /* PBXContainerItemProxy */;
		};
/* End PBXTargetDependency section */

/* Begin PBXVariantGroup section */
		22FBA2EB1CAFDE30009B2DE8 /* Main.storyboard */ = {
			isa = PBXVariantGroup;
			children = (
				22FBA2EC1CAFDE30009B2DE8 /* Base */,
			);
			name = Main.storyboard;
			sourceTree = "<group>";
		};
		22FBA2F01CAFDE30009B2DE8 /* LaunchScreen.storyboard */ = {
			isa = PBXVariantGroup;
			children = (
				22FBA2F11CAFDE30009B2DE8 /* Base */,
			);
			name = LaunchScreen.storyboard;
			sourceTree = "<group>";
		};
/* End PBXVariantGroup section */

/* Begin XCBuildConfiguration section */
		22FBA2FF1CAFDE30009B2DE8 /* Debug */ = {
			isa = XCBuildConfiguration;
			buildSettings = {
				ALWAYS_SEARCH_USER_PATHS = NO;
				CLANG_ANALYZER_NONNULL = YES;
				CLANG_CXX_LANGUAGE_STANDARD = "gnu++0x";
				CLANG_CXX_LIBRARY = "libc++";
				CLANG_ENABLE_MODULES = YES;
				CLANG_ENABLE_OBJC_ARC = YES;
				CLANG_WARN_BOOL_CONVERSION = YES;
				CLANG_WARN_CONSTANT_CONVERSION = YES;
				CLANG_WARN_DIRECT_OBJC_ISA_USAGE = YES_ERROR;
				CLANG_WARN_EMPTY_BODY = YES;
				CLANG_WARN_ENUM_CONVERSION = YES;
				CLANG_WARN_INT_CONVERSION = YES;
				CLANG_WARN_OBJC_ROOT_CLASS = YES_ERROR;
				CLANG_WARN_UNREACHABLE_CODE = YES;
				CLANG_WARN__DUPLICATE_METHOD_MATCH = YES;
				"CODE_SIGN_IDENTITY[sdk=iphoneos*]" = "iPhone Developer";
				COPY_PHASE_STRIP = NO;
				DEBUG_INFORMATION_FORMAT = dwarf;
				ENABLE_STRICT_OBJC_MSGSEND = YES;
				ENABLE_TESTABILITY = YES;
				GCC_C_LANGUAGE_STANDARD = gnu99;
				GCC_DYNAMIC_NO_PIC = NO;
				GCC_NO_COMMON_BLOCKS = YES;
				GCC_OPTIMIZATION_LEVEL = 0;
				GCC_PREPROCESSOR_DEFINITIONS = (
					"DEBUG=1",
					"$(inherited)",
				);
				GCC_WARN_64_TO_32_BIT_CONVERSION = YES;
				GCC_WARN_ABOUT_RETURN_TYPE = YES_ERROR;
				GCC_WARN_UNDECLARED_SELECTOR = YES;
				GCC_WARN_UNINITIALIZED_AUTOS = YES_AGGRESSIVE;
				GCC_WARN_UNUSED_FUNCTION = YES;
				GCC_WARN_UNUSED_VARIABLE = YES;
				IPHONEOS_DEPLOYMENT_TARGET = 9.3;
				MTL_ENABLE_DEBUG_INFO = YES;
				ONLY_ACTIVE_ARCH = YES;
				SDKROOT = iphoneos;
				SWIFT_OPTIMIZATION_LEVEL = "-Onone";
			};
			name = Debug;
		};
		22FBA3001CAFDE30009B2DE8 /* Release */ = {
			isa = XCBuildConfiguration;
			buildSettings = {
				ALWAYS_SEARCH_USER_PATHS = NO;
				CLANG_ANALYZER_NONNULL = YES;
				CLANG_CXX_LANGUAGE_STANDARD = "gnu++0x";
				CLANG_CXX_LIBRARY = "libc++";
				CLANG_ENABLE_MODULES = YES;
				CLANG_ENABLE_OBJC_ARC = YES;
				CLANG_WARN_BOOL_CONVERSION = YES;
				CLANG_WARN_CONSTANT_CONVERSION = YES;
				CLANG_WARN_DIRECT_OBJC_ISA_USAGE = YES_ERROR;
				CLANG_WARN_EMPTY_BODY = YES;
				CLANG_WARN_ENUM_CONVERSION = YES;
				CLANG_WARN_INT_CONVERSION = YES;
				CLANG_WARN_OBJC_ROOT_CLASS = YES_ERROR;
				CLANG_WARN_UNREACHABLE_CODE = YES;
				CLANG_WARN__DUPLICATE_METHOD_MATCH = YES;
				"CODE_SIGN_IDENTITY[sdk=iphoneos*]" = "iPhone Developer";
				COPY_PHASE_STRIP = NO;
				DEBUG_INFORMATION_FORMAT = "dwarf-with-dsym";
				ENABLE_NS_ASSERTIONS = NO;
				ENABLE_STRICT_OBJC_MSGSEND = YES;
				GCC_C_LANGUAGE_STANDARD = gnu99;
				GCC_NO_COMMON_BLOCKS = YES;
				GCC_WARN_64_TO_32_BIT_CONVERSION = YES;
				GCC_WARN_ABOUT_RETURN_TYPE = YES_ERROR;
				GCC_WARN_UNDECLARED_SELECTOR = YES;
				GCC_WARN_UNINITIALIZED_AUTOS = YES_AGGRESSIVE;
				GCC_WARN_UNUSED_FUNCTION = YES;
				GCC_WARN_UNUSED_VARIABLE = YES;
				IPHONEOS_DEPLOYMENT_TARGET = 9.3;
				MTL_ENABLE_DEBUG_INFO = NO;
				SDKROOT = iphoneos;
				VALIDATE_PRODUCT = YES;
			};
			name = Release;
		};
		22FBA3021CAFDE30009B2DE8 /* Debug */ = {
			isa = XCBuildConfiguration;
			baseConfigurationReference = 6352E89B3757D44BA3935A3F /* Pods-RizzosFinePizza.debug.xcconfig */;
			buildSettings = {
				ASSETCATALOG_COMPILER_APPICON_NAME = AppIcon;
				CLANG_ENABLE_MODULES = YES;
				FRAMEWORK_SEARCH_PATHS = (
					"$(inherited)",
					"$(PROJECT_DIR)/RizzosFinePizza",
					"$(PROJECT_DIR)/build/Debug-iphoneos",
				);
				INFOPLIST_FILE = RizzosFinePizza/Info.plist;
				LD_RUNPATH_SEARCH_PATHS = "$(inherited) @executable_path/Frameworks";
				PRODUCT_BUNDLE_IDENTIFIER = com.beyond2021.RizzosFinePizza;
				PRODUCT_NAME = "$(TARGET_NAME)";
				SWIFT_OBJC_BRIDGING_HEADER = "RizzosFinePizza/RizzosFinePizza-Bridging-Header.h";
				SWIFT_OPTIMIZATION_LEVEL = "-Onone";
			};
			name = Debug;
		};
		22FBA3031CAFDE30009B2DE8 /* Release */ = {
			isa = XCBuildConfiguration;
			baseConfigurationReference = 353F9FFEE559F47D8FAAE7CF /* Pods-RizzosFinePizza.release.xcconfig */;
			buildSettings = {
				ASSETCATALOG_COMPILER_APPICON_NAME = AppIcon;
				CLANG_ENABLE_MODULES = YES;
				FRAMEWORK_SEARCH_PATHS = (
					"$(inherited)",
					"$(PROJECT_DIR)/RizzosFinePizza",
					"$(PROJECT_DIR)/build/Debug-iphoneos",
				);
				INFOPLIST_FILE = RizzosFinePizza/Info.plist;
				LD_RUNPATH_SEARCH_PATHS = "$(inherited) @executable_path/Frameworks";
				PRODUCT_BUNDLE_IDENTIFIER = com.beyond2021.RizzosFinePizza;
				PRODUCT_NAME = "$(TARGET_NAME)";
				SWIFT_OBJC_BRIDGING_HEADER = "RizzosFinePizza/RizzosFinePizza-Bridging-Header.h";
			};
			name = Release;
		};
		22FBA3051CAFDE30009B2DE8 /* Debug */ = {
			isa = XCBuildConfiguration;
			baseConfigurationReference = D172E6F1810B86B9BF5F293F /* Pods-RizzosFinePizzaTests.debug.xcconfig */;
			buildSettings = {
				BUNDLE_LOADER = "$(TEST_HOST)";
				INFOPLIST_FILE = RizzosFinePizzaTests/Info.plist;
				LD_RUNPATH_SEARCH_PATHS = "$(inherited) @executable_path/Frameworks @loader_path/Frameworks";
				PRODUCT_BUNDLE_IDENTIFIER = com.beyond2021.RizzosFinePizzaTests;
				PRODUCT_NAME = "$(TARGET_NAME)";
				TEST_HOST = "$(BUILT_PRODUCTS_DIR)/RizzosFinePizza.app/RizzosFinePizza";
			};
			name = Debug;
		};
		22FBA3061CAFDE30009B2DE8 /* Release */ = {
			isa = XCBuildConfiguration;
			baseConfigurationReference = 9716119CC08AFC3AF31D6841 /* Pods-RizzosFinePizzaTests.release.xcconfig */;
			buildSettings = {
				BUNDLE_LOADER = "$(TEST_HOST)";
				INFOPLIST_FILE = RizzosFinePizzaTests/Info.plist;
				LD_RUNPATH_SEARCH_PATHS = "$(inherited) @executable_path/Frameworks @loader_path/Frameworks";
				PRODUCT_BUNDLE_IDENTIFIER = com.beyond2021.RizzosFinePizzaTests;
				PRODUCT_NAME = "$(TARGET_NAME)";
				TEST_HOST = "$(BUILT_PRODUCTS_DIR)/RizzosFinePizza.app/RizzosFinePizza";
			};
			name = Release;
		};
/* End XCBuildConfiguration section */

/* Begin XCConfigurationList section */
		22FBA2DF1CAFDE30009B2DE8 /* Build configuration list for PBXProject "RizzosFinePizza" */ = {
			isa = XCConfigurationList;
			buildConfigurations = (
				22FBA2FF1CAFDE30009B2DE8 /* Debug */,
				22FBA3001CAFDE30009B2DE8 /* Release */,
			);
			defaultConfigurationIsVisible = 0;
			defaultConfigurationName = Release;
		};
		22FBA3011CAFDE30009B2DE8 /* Build configuration list for PBXNativeTarget "RizzosFinePizza" */ = {
			isa = XCConfigurationList;
			buildConfigurations = (
				22FBA3021CAFDE30009B2DE8 /* Debug */,
				22FBA3031CAFDE30009B2DE8 /* Release */,
			);
			defaultConfigurationIsVisible = 0;
			defaultConfigurationName = Release;
		};
		22FBA3041CAFDE30009B2DE8 /* Build configuration list for PBXNativeTarget "RizzosFinePizzaTests" */ = {
			isa = XCConfigurationList;
			buildConfigurations = (
				22FBA3051CAFDE30009B2DE8 /* Debug */,
				22FBA3061CAFDE30009B2DE8 /* Release */,
			);
			defaultConfigurationIsVisible = 0;
			defaultConfigurationName = Release;
		};
/* End XCConfigurationList section */
	};
	rootObject = 22FBA2DC1CAFDE30009B2DE8 /* Project object */;
}
